
Microsoft Visual Studio Solution File, Format Version 12.00
# Visual Studio Version 17
VisualStudioVersion = 17.11.35303.130
MinimumVisualStudioVersion = 10.0.40219.1
Project("{FAE04EC0-301F-11D3-BF4B-00C04F79EFBC}") = "BookStore", "BookStore.csproj", "{6FDD0F27-D0B9-4A1A-8D0C-83E2635F0486}"
EndProject
Global
	GlobalSection(SolutionConfigurationPlatforms) = preSolution
		Debug|Any CPU = Debug|Any CPU
		Release|Any CPU = Release|Any CPU
	EndGlobalSection
	GlobalSection(ProjectConfigurationPlatforms) = postSolution
		{6FDD0F27-D0B9-4A1A-8D0C-83E2635F0486}.Debug|Any CPU.ActiveCfg = Debug|Any CPU
		{6FDD0F27-D0B9-4A1A-8D0C-83E2635F0486}.Debug|Any CPU.Build.0 = Debug|Any CPU
		{6FDD0F27-D0B9-4A1A-8D0C-83E2635F0486}.Release|Any CPU.ActiveCfg = Release|Any CPU
		{6FDD0F27-D0B9-4A1A-8D0C-83E2635F0486}.Release|Any CPU.Build.0 = Release|Any CPU
	EndGlobalSection
	GlobalSection(SolutionProperties) = preSolution
		HideSolutionNode = FALSE
	EndGlobalSection
	GlobalSection(ExtensibilityGlobals) = postSolution
		SolutionGuid = {444A52A9-A888-4188-8EB0-D08C5FC5E19F}
	EndGlobalSection
EndGlobal
